// !$*UTF8*$!
{
	archiveVersion = 1;
	classes = {
	};
	objectVersion = 51;
	objects = {

/* Begin PBXBuildFile section */
		2446BF2BD84AFFEEB6559C9F /* Pods_TsundokuBreak_TsundokuBreakUITests.framework in Frameworks */ = {isa = PBXBuildFile; fileRef = E2FECEEE1F6EB33E21311149 /* Pods_TsundokuBreak_TsundokuBreakUITests.framework */; };
		B206B2BBA9562D05BFD4E3A5 /* Pods_TsundokuBreak.framework in Frameworks */ = {isa = PBXBuildFile; fileRef = 8953B91220F65947BBB51A3F /* Pods_TsundokuBreak.framework */; };
		B25B29122F51D1E89BD35B7C /* Pods_TsundokuBreakTests.framework in Frameworks */ = {isa = PBXBuildFile; fileRef = 2E393BE0FF29D18021969D6E /* Pods_TsundokuBreakTests.framework */; };
		D320FDEF2433107D0062B0F3 /* TsundokuModel.swift in Sources */ = {isa = PBXBuildFile; fileRef = D320FDEE2433107D0062B0F3 /* TsundokuModel.swift */; };
		D320FDF1243313660062B0F3 /* DokuryoModel.swift in Sources */ = {isa = PBXBuildFile; fileRef = D320FDF0243313660062B0F3 /* DokuryoModel.swift */; };
		D320FDF32433139C0062B0F3 /* BarCodeReader.swift in Sources */ = {isa = PBXBuildFile; fileRef = D320FDF22433139C0062B0F3 /* BarCodeReader.swift */; };
		D320FDF52433156C0062B0F3 /* TsundokuViewModel.swift in Sources */ = {isa = PBXBuildFile; fileRef = D320FDF42433156C0062B0F3 /* TsundokuViewModel.swift */; };
		D320FDF72433157D0062B0F3 /* DokuryoViewModel.swift in Sources */ = {isa = PBXBuildFile; fileRef = D320FDF62433157D0062B0F3 /* DokuryoViewModel.swift */; };
		D320FDF9243315900062B0F3 /* BarCodeReaderViewModel.swift in Sources */ = {isa = PBXBuildFile; fileRef = D320FDF8243315900062B0F3 /* BarCodeReaderViewModel.swift */; };
		D320FDFC243333FF0062B0F3 /* TsundokuViewController.swift in Sources */ = {isa = PBXBuildFile; fileRef = D320FDFA243333FF0062B0F3 /* TsundokuViewController.swift */; };
		D320FDFD243333FF0062B0F3 /* TsundokuViewController.xib in Resources */ = {isa = PBXBuildFile; fileRef = D320FDFB243333FF0062B0F3 /* TsundokuViewController.xib */; };
		D320FE00243334570062B0F3 /* DokuryoViewController.swift in Sources */ = {isa = PBXBuildFile; fileRef = D320FDFE243334570062B0F3 /* DokuryoViewController.swift */; };
		D320FE01243334570062B0F3 /* DokuryoViewController.xib in Resources */ = {isa = PBXBuildFile; fileRef = D320FDFF243334570062B0F3 /* DokuryoViewController.xib */; };
		D320FE032435A7720062B0F3 /* BarCodeReadableArea.swift in Sources */ = {isa = PBXBuildFile; fileRef = D320FE022435A7720062B0F3 /* BarCodeReadableArea.swift */; };
		D32B48DB242C56D3006F3AAA /* Settings.bundle in Resources */ = {isa = PBXBuildFile; fileRef = D32B48DA242C56D3006F3AAA /* Settings.bundle */; };
		D32B48E2242F036A006F3AAA /* BarCodeReaderViewController.swift in Sources */ = {isa = PBXBuildFile; fileRef = D32B48E0242F036A006F3AAA /* BarCodeReaderViewController.swift */; };
		D32B48E3242F036A006F3AAA /* BarCodeReaderViewController.xib in Resources */ = {isa = PBXBuildFile; fileRef = D32B48E1242F036A006F3AAA /* BarCodeReaderViewController.xib */; };
		D32B48EC242F3745006F3AAA /* TabSwitcherItemsProvider.swift in Sources */ = {isa = PBXBuildFile; fileRef = D32B48EA242F3745006F3AAA /* TabSwitcherItemsProvider.swift */; };
		D32B48ED242F3745006F3AAA /* ControllersProvider.swift in Sources */ = {isa = PBXBuildFile; fileRef = D32B48EB242F3745006F3AAA /* ControllersProvider.swift */; };
		D32B48EF242F376A006F3AAA /* TabItem.swift in Sources */ = {isa = PBXBuildFile; fileRef = D32B48EE242F376A006F3AAA /* TabItem.swift */; };
		D32E6BF1242F8B890071EBC3 /* Injectable.swift in Sources */ = {isa = PBXBuildFile; fileRef = D32E6BF0242F8B890071EBC3 /* Injectable.swift */; };
		D32E6BF9242F8E8F0071EBC3 /* TotalCountViewController.swift in Sources */ = {isa = PBXBuildFile; fileRef = D32E6BF7242F8E8F0071EBC3 /* TotalCountViewController.swift */; };
		D32E6BFA242F8E8F0071EBC3 /* TotalCountViewController.xib in Resources */ = {isa = PBXBuildFile; fileRef = D32E6BF8242F8E8F0071EBC3 /* TotalCountViewController.xib */; };
		D32E6BFC242F8FD90071EBC3 /* TotalCountModel.swift in Sources */ = {isa = PBXBuildFile; fileRef = D32E6BFB242F8FD90071EBC3 /* TotalCountModel.swift */; };
		D32E6BFE242F90750071EBC3 /* TotalCountViewModel.swift in Sources */ = {isa = PBXBuildFile; fileRef = D32E6BFD242F90750071EBC3 /* TotalCountViewModel.swift */; };
		D33166A42440D1B100C2048E /* BalloonPickerView.swift in Sources */ = {isa = PBXBuildFile; fileRef = D33166A32440D1B100C2048E /* BalloonPickerView.swift */; };
		D33166A62440D1CA00C2048E /* BalloonView.swift in Sources */ = {isa = PBXBuildFile; fileRef = D33166A52440D1CA00C2048E /* BalloonView.swift */; };
		D33166A82440D1DD00C2048E /* TrackLayer.swift in Sources */ = {isa = PBXBuildFile; fileRef = D33166A72440D1DD00C2048E /* TrackLayer.swift */; };
		D33166AA2440D1EC00C2048E /* ThumbView.swift in Sources */ = {isa = PBXBuildFile; fileRef = D33166A92440D1EC00C2048E /* ThumbView.swift */; };
		D3585369243FC36B004806FF /* TsundokuView.strings in Resources */ = {isa = PBXBuildFile; fileRef = D3585368243FC36B004806FF /* TsundokuView.strings */; };
		D358536B244047E9004806FF /* CellData.swift in Sources */ = {isa = PBXBuildFile; fileRef = D358536A244047E9004806FF /* CellData.swift */; };
		D35AFAAD2428AF290018EE9E /* R.generated.swift in Sources */ = {isa = PBXBuildFile; fileRef = D35AFAAC2428AF290018EE9E /* R.generated.swift */; };
		D35AFABC2429C4830018EE9E /* BookInfo.swift in Sources */ = {isa = PBXBuildFile; fileRef = D35AFABB2429C4830018EE9E /* BookInfo.swift */; };
		D35AFABE2429C62E0018EE9E /* GoogleBooksAPIs.swift in Sources */ = {isa = PBXBuildFile; fileRef = D35AFABD2429C62E0018EE9E /* GoogleBooksAPIs.swift */; };
		D3808113243E312000D6A592 /* RealmModel.swift in Sources */ = {isa = PBXBuildFile; fileRef = D3808112243E312000D6A592 /* RealmModel.swift */; };
		D394802A243F411D00307A1A /* TsundokuTableViewCell.swift in Sources */ = {isa = PBXBuildFile; fileRef = D3948028243F411D00307A1A /* TsundokuTableViewCell.swift */; };
		D394802B243F411D00307A1A /* TsundokuTableViewCell.xib in Resources */ = {isa = PBXBuildFile; fileRef = D3948029243F411D00307A1A /* TsundokuTableViewCell.xib */; };
		D3AA182A243C4B700020CCCC /* lupe.gif in Resources */ = {isa = PBXBuildFile; fileRef = D3AA1829243C4B700020CCCC /* lupe.gif */; };
		D3AA182C243C53450020CCCC /* loading.gif in Resources */ = {isa = PBXBuildFile; fileRef = D3AA182B243C53450020CCCC /* loading.gif */; };
		D3AC46C1242F584500C517A5 /* TabViewController.swift in Sources */ = {isa = PBXBuildFile; fileRef = D3AC46BF242F584500C517A5 /* TabViewController.swift */; };
		D3AC46C4242F595A00C517A5 /* MainStoryboard.storyboard in Resources */ = {isa = PBXBuildFile; fileRef = D3AC46C3242F595A00C517A5 /* MainStoryboard.storyboard */; };
		D3E78A8C24289D4900440CAF /* AppDelegate.swift in Sources */ = {isa = PBXBuildFile; fileRef = D3E78A8B24289D4900440CAF /* AppDelegate.swift */; };
		D3E78A8E24289D4900440CAF /* SceneDelegate.swift in Sources */ = {isa = PBXBuildFile; fileRef = D3E78A8D24289D4900440CAF /* SceneDelegate.swift */; };
		D3E78A9524289D4A00440CAF /* Assets.xcassets in Resources */ = {isa = PBXBuildFile; fileRef = D3E78A9424289D4A00440CAF /* Assets.xcassets */; };
		D3E78A9824289D4A00440CAF /* LaunchScreen.storyboard in Resources */ = {isa = PBXBuildFile; fileRef = D3E78A9624289D4A00440CAF /* LaunchScreen.storyboard */; };
		D3E78AA324289D4A00440CAF /* TsundokuBreakTests.swift in Sources */ = {isa = PBXBuildFile; fileRef = D3E78AA224289D4A00440CAF /* TsundokuBreakTests.swift */; };
		D3E78AAE24289D4A00440CAF /* TsundokuBreakUITests.swift in Sources */ = {isa = PBXBuildFile; fileRef = D3E78AAD24289D4A00440CAF /* TsundokuBreakUITests.swift */; };
/* End PBXBuildFile section */

/* Begin PBXContainerItemProxy section */
		D3E78A9F24289D4A00440CAF /* PBXContainerItemProxy */ = {
			isa = PBXContainerItemProxy;
			containerPortal = D3E78A8024289D4900440CAF /* Project object */;
			proxyType = 1;
			remoteGlobalIDString = D3E78A8724289D4900440CAF;
			remoteInfo = TsundokuBreak;
		};
		D3E78AAA24289D4A00440CAF /* PBXContainerItemProxy */ = {
			isa = PBXContainerItemProxy;
			containerPortal = D3E78A8024289D4900440CAF /* Project object */;
			proxyType = 1;
			remoteGlobalIDString = D3E78A8724289D4900440CAF;
			remoteInfo = TsundokuBreak;
		};
/* End PBXContainerItemProxy section */

/* Begin PBXFileReference section */
		168AD90A284DE8731D068C7B /* Pods-TsundokuBreakTests.release.xcconfig */ = {isa = PBXFileReference; includeInIndex = 1; lastKnownFileType = text.xcconfig; name = "Pods-TsundokuBreakTests.release.xcconfig"; path = "Target Support Files/Pods-TsundokuBreakTests/Pods-TsundokuBreakTests.release.xcconfig"; sourceTree = "<group>"; };
		2E393BE0FF29D18021969D6E /* Pods_TsundokuBreakTests.framework */ = {isa = PBXFileReference; explicitFileType = wrapper.framework; includeInIndex = 0; path = Pods_TsundokuBreakTests.framework; sourceTree = BUILT_PRODUCTS_DIR; };
		8953B91220F65947BBB51A3F /* Pods_TsundokuBreak.framework */ = {isa = PBXFileReference; explicitFileType = wrapper.framework; includeInIndex = 0; path = Pods_TsundokuBreak.framework; sourceTree = BUILT_PRODUCTS_DIR; };
		8D5DB48AACE17C3F469075CD /* Pods-TsundokuBreak-TsundokuBreakUITests.release.xcconfig */ = {isa = PBXFileReference; includeInIndex = 1; lastKnownFileType = text.xcconfig; name = "Pods-TsundokuBreak-TsundokuBreakUITests.release.xcconfig"; path = "Target Support Files/Pods-TsundokuBreak-TsundokuBreakUITests/Pods-TsundokuBreak-TsundokuBreakUITests.release.xcconfig"; sourceTree = "<group>"; };
		A7CC1E48F6BC90E4414EFD94 /* Pods-TsundokuBreakTests.debug.xcconfig */ = {isa = PBXFileReference; includeInIndex = 1; lastKnownFileType = text.xcconfig; name = "Pods-TsundokuBreakTests.debug.xcconfig"; path = "Target Support Files/Pods-TsundokuBreakTests/Pods-TsundokuBreakTests.debug.xcconfig"; sourceTree = "<group>"; };
		CE78ACBFAC2A057650901A42 /* Pods-TsundokuBreak-TsundokuBreakUITests.debug.xcconfig */ = {isa = PBXFileReference; includeInIndex = 1; lastKnownFileType = text.xcconfig; name = "Pods-TsundokuBreak-TsundokuBreakUITests.debug.xcconfig"; path = "Target Support Files/Pods-TsundokuBreak-TsundokuBreakUITests/Pods-TsundokuBreak-TsundokuBreakUITests.debug.xcconfig"; sourceTree = "<group>"; };
		D320FDEE2433107D0062B0F3 /* TsundokuModel.swift */ = {isa = PBXFileReference; lastKnownFileType = sourcecode.swift; path = TsundokuModel.swift; sourceTree = "<group>"; };
		D320FDF0243313660062B0F3 /* DokuryoModel.swift */ = {isa = PBXFileReference; lastKnownFileType = sourcecode.swift; path = DokuryoModel.swift; sourceTree = "<group>"; };
		D320FDF22433139C0062B0F3 /* BarCodeReader.swift */ = {isa = PBXFileReference; lastKnownFileType = sourcecode.swift; path = BarCodeReader.swift; sourceTree = "<group>"; };
		D320FDF42433156C0062B0F3 /* TsundokuViewModel.swift */ = {isa = PBXFileReference; lastKnownFileType = sourcecode.swift; path = TsundokuViewModel.swift; sourceTree = "<group>"; };
		D320FDF62433157D0062B0F3 /* DokuryoViewModel.swift */ = {isa = PBXFileReference; lastKnownFileType = sourcecode.swift; path = DokuryoViewModel.swift; sourceTree = "<group>"; };
		D320FDF8243315900062B0F3 /* BarCodeReaderViewModel.swift */ = {isa = PBXFileReference; lastKnownFileType = sourcecode.swift; path = BarCodeReaderViewModel.swift; sourceTree = "<group>"; };
		D320FDFA243333FF0062B0F3 /* TsundokuViewController.swift */ = {isa = PBXFileReference; lastKnownFileType = sourcecode.swift; path = TsundokuViewController.swift; sourceTree = "<group>"; };
		D320FDFB243333FF0062B0F3 /* TsundokuViewController.xib */ = {isa = PBXFileReference; lastKnownFileType = file.xib; path = TsundokuViewController.xib; sourceTree = "<group>"; };
		D320FDFE243334570062B0F3 /* DokuryoViewController.swift */ = {isa = PBXFileReference; lastKnownFileType = sourcecode.swift; path = DokuryoViewController.swift; sourceTree = "<group>"; };
		D320FDFF243334570062B0F3 /* DokuryoViewController.xib */ = {isa = PBXFileReference; lastKnownFileType = file.xib; path = DokuryoViewController.xib; sourceTree = "<group>"; };
		D320FE022435A7720062B0F3 /* BarCodeReadableArea.swift */ = {isa = PBXFileReference; lastKnownFileType = sourcecode.swift; path = BarCodeReadableArea.swift; sourceTree = "<group>"; };
		D32B48DA242C56D3006F3AAA /* Settings.bundle */ = {isa = PBXFileReference; lastKnownFileType = "wrapper.plug-in"; name = Settings.bundle; path = TsundokuBreak/Settings.bundle; sourceTree = "<group>"; };
		D32B48E0242F036A006F3AAA /* BarCodeReaderViewController.swift */ = {isa = PBXFileReference; lastKnownFileType = sourcecode.swift; path = BarCodeReaderViewController.swift; sourceTree = "<group>"; };
		D32B48E1242F036A006F3AAA /* BarCodeReaderViewController.xib */ = {isa = PBXFileReference; lastKnownFileType = file.xib; path = BarCodeReaderViewController.xib; sourceTree = "<group>"; };
		D32B48EA242F3745006F3AAA /* TabSwitcherItemsProvider.swift */ = {isa = PBXFileReference; fileEncoding = 4; lastKnownFileType = sourcecode.swift; path = TabSwitcherItemsProvider.swift; sourceTree = "<group>"; };
		D32B48EB242F3745006F3AAA /* ControllersProvider.swift */ = {isa = PBXFileReference; fileEncoding = 4; lastKnownFileType = sourcecode.swift; path = ControllersProvider.swift; sourceTree = "<group>"; };
		D32B48EE242F376A006F3AAA /* TabItem.swift */ = {isa = PBXFileReference; fileEncoding = 4; lastKnownFileType = sourcecode.swift; path = TabItem.swift; sourceTree = "<group>"; };
		D32E6BF0242F8B890071EBC3 /* Injectable.swift */ = {isa = PBXFileReference; fileEncoding = 4; lastKnownFileType = sourcecode.swift; path = Injectable.swift; sourceTree = "<group>"; };
		D32E6BF7242F8E8F0071EBC3 /* TotalCountViewController.swift */ = {isa = PBXFileReference; lastKnownFileType = sourcecode.swift; path = TotalCountViewController.swift; sourceTree = "<group>"; };
		D32E6BF8242F8E8F0071EBC3 /* TotalCountViewController.xib */ = {isa = PBXFileReference; lastKnownFileType = file.xib; path = TotalCountViewController.xib; sourceTree = "<group>"; };
		D32E6BFB242F8FD90071EBC3 /* TotalCountModel.swift */ = {isa = PBXFileReference; lastKnownFileType = sourcecode.swift; path = TotalCountModel.swift; sourceTree = "<group>"; };
		D32E6BFD242F90750071EBC3 /* TotalCountViewModel.swift */ = {isa = PBXFileReference; lastKnownFileType = sourcecode.swift; path = TotalCountViewModel.swift; sourceTree = "<group>"; };
		D33166A32440D1B100C2048E /* BalloonPickerView.swift */ = {isa = PBXFileReference; lastKnownFileType = sourcecode.swift; path = BalloonPickerView.swift; sourceTree = "<group>"; };
		D33166A52440D1CA00C2048E /* BalloonView.swift */ = {isa = PBXFileReference; lastKnownFileType = sourcecode.swift; path = BalloonView.swift; sourceTree = "<group>"; };
		D33166A72440D1DD00C2048E /* TrackLayer.swift */ = {isa = PBXFileReference; lastKnownFileType = sourcecode.swift; path = TrackLayer.swift; sourceTree = "<group>"; };
		D33166A92440D1EC00C2048E /* ThumbView.swift */ = {isa = PBXFileReference; lastKnownFileType = sourcecode.swift; path = ThumbView.swift; sourceTree = "<group>"; };
		D3585368243FC36B004806FF /* TsundokuView.strings */ = {isa = PBXFileReference; lastKnownFileType = text.plist.strings; path = TsundokuView.strings; sourceTree = "<group>"; };
		D358536A244047E9004806FF /* CellData.swift */ = {isa = PBXFileReference; lastKnownFileType = sourcecode.swift; path = CellData.swift; sourceTree = "<group>"; };
		D35AFAAC2428AF290018EE9E /* R.generated.swift */ = {isa = PBXFileReference; fileEncoding = 4; lastKnownFileType = sourcecode.swift; path = R.generated.swift; sourceTree = "<group>"; };
		D35AFABB2429C4830018EE9E /* BookInfo.swift */ = {isa = PBXFileReference; lastKnownFileType = sourcecode.swift; path = BookInfo.swift; sourceTree = "<group>"; };
		D35AFABD2429C62E0018EE9E /* GoogleBooksAPIs.swift */ = {isa = PBXFileReference; lastKnownFileType = sourcecode.swift; path = GoogleBooksAPIs.swift; sourceTree = "<group>"; };
		D3808112243E312000D6A592 /* RealmModel.swift */ = {isa = PBXFileReference; lastKnownFileType = sourcecode.swift; path = RealmModel.swift; sourceTree = "<group>"; };
		D3948028243F411D00307A1A /* TsundokuTableViewCell.swift */ = {isa = PBXFileReference; lastKnownFileType = sourcecode.swift; path = TsundokuTableViewCell.swift; sourceTree = "<group>"; };
		D3948029243F411D00307A1A /* TsundokuTableViewCell.xib */ = {isa = PBXFileReference; lastKnownFileType = file.xib; path = TsundokuTableViewCell.xib; sourceTree = "<group>"; };
		D3AA1829243C4B700020CCCC /* lupe.gif */ = {isa = PBXFileReference; lastKnownFileType = image.gif; path = lupe.gif; sourceTree = "<group>"; };
		D3AA182B243C53450020CCCC /* loading.gif */ = {isa = PBXFileReference; lastKnownFileType = image.gif; path = loading.gif; sourceTree = "<group>"; };
		D3AC46BF242F584500C517A5 /* TabViewController.swift */ = {isa = PBXFileReference; lastKnownFileType = sourcecode.swift; path = TabViewController.swift; sourceTree = "<group>"; };
		D3AC46C3242F595A00C517A5 /* MainStoryboard.storyboard */ = {isa = PBXFileReference; lastKnownFileType = file.storyboard; path = MainStoryboard.storyboard; sourceTree = "<group>"; };
		D3E78A8824289D4900440CAF /* TsundokuBreak.app */ = {isa = PBXFileReference; explicitFileType = wrapper.application; includeInIndex = 0; path = TsundokuBreak.app; sourceTree = BUILT_PRODUCTS_DIR; };
		D3E78A8B24289D4900440CAF /* AppDelegate.swift */ = {isa = PBXFileReference; lastKnownFileType = sourcecode.swift; path = AppDelegate.swift; sourceTree = "<group>"; };
		D3E78A8D24289D4900440CAF /* SceneDelegate.swift */ = {isa = PBXFileReference; lastKnownFileType = sourcecode.swift; path = SceneDelegate.swift; sourceTree = "<group>"; };
		D3E78A9424289D4A00440CAF /* Assets.xcassets */ = {isa = PBXFileReference; lastKnownFileType = folder.assetcatalog; path = Assets.xcassets; sourceTree = "<group>"; };
		D3E78A9724289D4A00440CAF /* Base */ = {isa = PBXFileReference; lastKnownFileType = file.storyboard; name = Base; path = Base.lproj/LaunchScreen.storyboard; sourceTree = "<group>"; };
		D3E78A9924289D4A00440CAF /* Info.plist */ = {isa = PBXFileReference; lastKnownFileType = text.plist.xml; path = Info.plist; sourceTree = "<group>"; };
		D3E78A9E24289D4A00440CAF /* TsundokuBreakTests.xctest */ = {isa = PBXFileReference; explicitFileType = wrapper.cfbundle; includeInIndex = 0; path = TsundokuBreakTests.xctest; sourceTree = BUILT_PRODUCTS_DIR; };
		D3E78AA224289D4A00440CAF /* TsundokuBreakTests.swift */ = {isa = PBXFileReference; lastKnownFileType = sourcecode.swift; path = TsundokuBreakTests.swift; sourceTree = "<group>"; };
		D3E78AA424289D4A00440CAF /* Info.plist */ = {isa = PBXFileReference; lastKnownFileType = text.plist.xml; path = Info.plist; sourceTree = "<group>"; };
		D3E78AA924289D4A00440CAF /* TsundokuBreakUITests.xctest */ = {isa = PBXFileReference; explicitFileType = wrapper.cfbundle; includeInIndex = 0; path = TsundokuBreakUITests.xctest; sourceTree = BUILT_PRODUCTS_DIR; };
		D3E78AAD24289D4A00440CAF /* TsundokuBreakUITests.swift */ = {isa = PBXFileReference; lastKnownFileType = sourcecode.swift; path = TsundokuBreakUITests.swift; sourceTree = "<group>"; };
		D3E78AAF24289D4A00440CAF /* Info.plist */ = {isa = PBXFileReference; lastKnownFileType = text.plist.xml; path = Info.plist; sourceTree = "<group>"; };
		D7A4C95D2E803F290430925F /* Pods-TsundokuBreak.release.xcconfig */ = {isa = PBXFileReference; includeInIndex = 1; lastKnownFileType = text.xcconfig; name = "Pods-TsundokuBreak.release.xcconfig"; path = "Target Support Files/Pods-TsundokuBreak/Pods-TsundokuBreak.release.xcconfig"; sourceTree = "<group>"; };
		E2FECEEE1F6EB33E21311149 /* Pods_TsundokuBreak_TsundokuBreakUITests.framework */ = {isa = PBXFileReference; explicitFileType = wrapper.framework; includeInIndex = 0; path = Pods_TsundokuBreak_TsundokuBreakUITests.framework; sourceTree = BUILT_PRODUCTS_DIR; };
		F02A25F61438B364D1F0B313 /* Pods-TsundokuBreak.debug.xcconfig */ = {isa = PBXFileReference; includeInIndex = 1; lastKnownFileType = text.xcconfig; name = "Pods-TsundokuBreak.debug.xcconfig"; path = "Target Support Files/Pods-TsundokuBreak/Pods-TsundokuBreak.debug.xcconfig"; sourceTree = "<group>"; };
/* End PBXFileReference section */

/* Begin PBXFrameworksBuildPhase section */
		D3E78A8524289D4900440CAF /* Frameworks */ = {
			isa = PBXFrameworksBuildPhase;
			buildActionMask = 2147483647;
			files = (
				B206B2BBA9562D05BFD4E3A5 /* Pods_TsundokuBreak.framework in Frameworks */,
			);
			runOnlyForDeploymentPostprocessing = 0;
		};
		D3E78A9B24289D4A00440CAF /* Frameworks */ = {
			isa = PBXFrameworksBuildPhase;
			buildActionMask = 2147483647;
			files = (
				B25B29122F51D1E89BD35B7C /* Pods_TsundokuBreakTests.framework in Frameworks */,
			);
			runOnlyForDeploymentPostprocessing = 0;
		};
		D3E78AA624289D4A00440CAF /* Frameworks */ = {
			isa = PBXFrameworksBuildPhase;
			buildActionMask = 2147483647;
			files = (
				2446BF2BD84AFFEEB6559C9F /* Pods_TsundokuBreak_TsundokuBreakUITests.framework in Frameworks */,
			);
			runOnlyForDeploymentPostprocessing = 0;
		};
/* End PBXFrameworksBuildPhase section */

/* Begin PBXGroup section */
		617977457072AE21B736947D /* Pods */ = {
			isa = PBXGroup;
			children = (
				F02A25F61438B364D1F0B313 /* Pods-TsundokuBreak.debug.xcconfig */,
				D7A4C95D2E803F290430925F /* Pods-TsundokuBreak.release.xcconfig */,
				CE78ACBFAC2A057650901A42 /* Pods-TsundokuBreak-TsundokuBreakUITests.debug.xcconfig */,
				8D5DB48AACE17C3F469075CD /* Pods-TsundokuBreak-TsundokuBreakUITests.release.xcconfig */,
				A7CC1E48F6BC90E4414EFD94 /* Pods-TsundokuBreakTests.debug.xcconfig */,
				168AD90A284DE8731D068C7B /* Pods-TsundokuBreakTests.release.xcconfig */,
			);
			path = Pods;
			sourceTree = "<group>";
		};
		8E1C7D7B20AE32617F5B72BD /* Frameworks */ = {
			isa = PBXGroup;
			children = (
				8953B91220F65947BBB51A3F /* Pods_TsundokuBreak.framework */,
				E2FECEEE1F6EB33E21311149 /* Pods_TsundokuBreak_TsundokuBreakUITests.framework */,
				2E393BE0FF29D18021969D6E /* Pods_TsundokuBreakTests.framework */,
			);
			name = Frameworks;
			sourceTree = "<group>";
		};
		D320FDEC24330CA60062B0F3 /* TsundokuView */ = {
			isa = PBXGroup;
			children = (
				D320FDFA243333FF0062B0F3 /* TsundokuViewController.swift */,
				D320FDFB243333FF0062B0F3 /* TsundokuViewController.xib */,
				D3948027243F409400307A1A /* Cell */,
			);
			path = TsundokuView;
			sourceTree = "<group>";
		};
		D320FDED24330D5A0062B0F3 /* DokuryoView */ = {
			isa = PBXGroup;
			children = (
				D320FDFE243334570062B0F3 /* DokuryoViewController.swift */,
				D320FDFF243334570062B0F3 /* DokuryoViewController.xib */,
			);
			path = DokuryoView;
			sourceTree = "<group>";
		};
		D32B48E9242F3736006F3AAA /* TabDataProviders */ = {
			isa = PBXGroup;
			children = (
				D32B48EB242F3745006F3AAA /* ControllersProvider.swift */,
				D32B48EA242F3745006F3AAA /* TabSwitcherItemsProvider.swift */,
			);
			path = TabDataProviders;
			sourceTree = "<group>";
		};
		D32E6BF6242F8E680071EBC3 /* TotalCountView */ = {
			isa = PBXGroup;
			children = (
				D32E6BF7242F8E8F0071EBC3 /* TotalCountViewController.swift */,
				D32E6BF8242F8E8F0071EBC3 /* TotalCountViewController.xib */,
			);
			path = TotalCountView;
			sourceTree = "<group>";
		};
		D33166A22440D18200C2048E /* balloonPicker */ = {
			isa = PBXGroup;
			children = (
				D33166A32440D1B100C2048E /* BalloonPickerView.swift */,
				D33166A52440D1CA00C2048E /* BalloonView.swift */,
				D33166A72440D1DD00C2048E /* TrackLayer.swift */,
				D33166A92440D1EC00C2048E /* ThumbView.swift */,
			);
			path = balloonPicker;
			sourceTree = "<group>";
		};
		D332B5D7243E20AD00B24D4D /* gifs */ = {
			isa = PBXGroup;
			children = (
				D3AA182B243C53450020CCCC /* loading.gif */,
				D3AA1829243C4B700020CCCC /* lupe.gif */,
			);
			path = gifs;
			sourceTree = "<group>";
		};
		D35AFAB52429C07E0018EE9E /* Model */ = {
			isa = PBXGroup;
			children = (
				D32E6BFB242F8FD90071EBC3 /* TotalCountModel.swift */,
				D320FDEE2433107D0062B0F3 /* TsundokuModel.swift */,
				D320FDF0243313660062B0F3 /* DokuryoModel.swift */,
				D320FDF22433139C0062B0F3 /* BarCodeReader.swift */,
			);
			path = Model;
			sourceTree = "<group>";
		};
		D35AFAB62429C08E0018EE9E /* ViewModel */ = {
			isa = PBXGroup;
			children = (
				D32E6BFD242F90750071EBC3 /* TotalCountViewModel.swift */,
				D320FDF42433156C0062B0F3 /* TsundokuViewModel.swift */,
				D320FDF62433157D0062B0F3 /* DokuryoViewModel.swift */,
				D320FDF8243315900062B0F3 /* BarCodeReaderViewModel.swift */,
			);
			path = ViewModel;
			sourceTree = "<group>";
		};
		D35AFAB72429C0C30018EE9E /* Struct */ = {
			isa = PBXGroup;
			children = (
				D32B48EE242F376A006F3AAA /* TabItem.swift */,
				D35AFABB2429C4830018EE9E /* BookInfo.swift */,
				D35AFABD2429C62E0018EE9E /* GoogleBooksAPIs.swift */,
				D320FE022435A7720062B0F3 /* BarCodeReadableArea.swift */,
				D358536A244047E9004806FF /* CellData.swift */,
			);
			path = Struct;
			sourceTree = "<group>";
		};
		D35AFAB82429C0D60018EE9E /* Strings */ = {
			isa = PBXGroup;
			children = (
				D3585368243FC36B004806FF /* TsundokuView.strings */,
			);
			path = Strings;
			sourceTree = "<group>";
		};
		D35AFAB92429C0EA0018EE9E /* Protocol */ = {
			isa = PBXGroup;
			children = (
				D32E6BF0242F8B890071EBC3 /* Injectable.swift */,
			);
			path = Protocol;
			sourceTree = "<group>";
		};
		D35AFABA2429C14D0018EE9E /* View */ = {
			isa = PBXGroup;
			children = (
				D3AC4666242F4D0800C517A5 /* TabView */,
				D32E6BF6242F8E680071EBC3 /* TotalCountView */,
				D320FDEC24330CA60062B0F3 /* TsundokuView */,
				D320FDED24330D5A0062B0F3 /* DokuryoView */,
				D35AFAC3242A061E0018EE9E /* BarCodeReaderView */,
			);
			path = View;
			sourceTree = "<group>";
		};
		D35AFAC3242A061E0018EE9E /* BarCodeReaderView */ = {
			isa = PBXGroup;
			children = (
				D32B48E0242F036A006F3AAA /* BarCodeReaderViewController.swift */,
				D32B48E1242F036A006F3AAA /* BarCodeReaderViewController.xib */,
			);
			path = BarCodeReaderView;
			sourceTree = "<group>";
		};
		D3808111243E30E600D6A592 /* RealmSwift */ = {
			isa = PBXGroup;
			children = (
				D3808112243E312000D6A592 /* RealmModel.swift */,
			);
			path = RealmSwift;
			sourceTree = "<group>";
		};
		D3948027243F409400307A1A /* Cell */ = {
			isa = PBXGroup;
			children = (
				D3948028243F411D00307A1A /* TsundokuTableViewCell.swift */,
				D3948029243F411D00307A1A /* TsundokuTableViewCell.xib */,
				D33166A22440D18200C2048E /* balloonPicker */,
			);
			path = Cell;
			sourceTree = "<group>";
		};
		D3AC4666242F4D0800C517A5 /* TabView */ = {
			isa = PBXGroup;
			children = (
				D3AC46BF242F584500C517A5 /* TabViewController.swift */,
			);
			path = TabView;
			sourceTree = "<group>";
		};
		D3E78A7F24289D4900440CAF = {
			isa = PBXGroup;
			children = (
				D32B48DA242C56D3006F3AAA /* Settings.bundle */,
				D35AFAAC2428AF290018EE9E /* R.generated.swift */,
				D3E78A8A24289D4900440CAF /* TsundokuBreak */,
				D3E78AA124289D4A00440CAF /* TsundokuBreakTests */,
				D3E78AAC24289D4A00440CAF /* TsundokuBreakUITests */,
				D3E78A8924289D4900440CAF /* Products */,
				617977457072AE21B736947D /* Pods */,
				8E1C7D7B20AE32617F5B72BD /* Frameworks */,
			);
			sourceTree = "<group>";
		};
		D3E78A8924289D4900440CAF /* Products */ = {
			isa = PBXGroup;
			children = (
				D3E78A8824289D4900440CAF /* TsundokuBreak.app */,
				D3E78A9E24289D4A00440CAF /* TsundokuBreakTests.xctest */,
				D3E78AA924289D4A00440CAF /* TsundokuBreakUITests.xctest */,
			);
			name = Products;
			sourceTree = "<group>";
		};
		D3E78A8A24289D4900440CAF /* TsundokuBreak */ = {
			isa = PBXGroup;
			children = (
				D3808111243E30E600D6A592 /* RealmSwift */,
				D32B48E9242F3736006F3AAA /* TabDataProviders */,
				D35AFAB82429C0D60018EE9E /* Strings */,
				D35AFAB72429C0C30018EE9E /* Struct */,
				D35AFAB92429C0EA0018EE9E /* Protocol */,
				D35AFAB52429C07E0018EE9E /* Model */,
				D35AFAB62429C08E0018EE9E /* ViewModel */,
				D35AFABA2429C14D0018EE9E /* View */,
				D3AC46C3242F595A00C517A5 /* MainStoryboard.storyboard */,
				D3E78A8B24289D4900440CAF /* AppDelegate.swift */,
				D3E78A8D24289D4900440CAF /* SceneDelegate.swift */,
				D3E78A9424289D4A00440CAF /* Assets.xcassets */,
				D3E78A9624289D4A00440CAF /* LaunchScreen.storyboard */,
				D3E78A9924289D4A00440CAF /* Info.plist */,
				D332B5D7243E20AD00B24D4D /* gifs */,
			);
			path = TsundokuBreak;
			sourceTree = "<group>";
		};
		D3E78AA124289D4A00440CAF /* TsundokuBreakTests */ = {
			isa = PBXGroup;
			children = (
				D3E78AA224289D4A00440CAF /* TsundokuBreakTests.swift */,
				D3E78AA424289D4A00440CAF /* Info.plist */,
			);
			path = TsundokuBreakTests;
			sourceTree = "<group>";
		};
		D3E78AAC24289D4A00440CAF /* TsundokuBreakUITests */ = {
			isa = PBXGroup;
			children = (
				D3E78AAD24289D4A00440CAF /* TsundokuBreakUITests.swift */,
				D3E78AAF24289D4A00440CAF /* Info.plist */,
			);
			path = TsundokuBreakUITests;
			sourceTree = "<group>";
		};
/* End PBXGroup section */

/* Begin PBXNativeTarget section */
		D3E78A8724289D4900440CAF /* TsundokuBreak */ = {
			isa = PBXNativeTarget;
			buildConfigurationList = D3E78AB224289D4A00440CAF /* Build configuration list for PBXNativeTarget "TsundokuBreak" */;
			buildPhases = (
				98B0C362B140A45E54110C10 /* [CP] Check Pods Manifest.lock */,
				D35AFAAB2428AECA0018EE9E /* Run Script(R.swift) */,
				D3E78A8424289D4900440CAF /* Sources */,
				D3E78A8524289D4900440CAF /* Frameworks */,
				D3E78A8624289D4900440CAF /* Resources */,
				A499D495023B7C9100279BF9 /* [CP] Embed Pods Frameworks */,
				D35AFAAA2428AEA40018EE9E /* Run Script(SwiftLint) */,
				D32B48D9242C560D006F3AAA /* Run Script(LicensePlist) */,
			);
			buildRules = (
			);
			dependencies = (
			);
			name = TsundokuBreak;
			productName = TsundokuBreak;
			productReference = D3E78A8824289D4900440CAF /* TsundokuBreak.app */;
			productType = "com.apple.product-type.application";
		};
		D3E78A9D24289D4A00440CAF /* TsundokuBreakTests */ = {
			isa = PBXNativeTarget;
			buildConfigurationList = D3E78AB524289D4A00440CAF /* Build configuration list for PBXNativeTarget "TsundokuBreakTests" */;
			buildPhases = (
				7B72F5103AD761C1C41C837F /* [CP] Check Pods Manifest.lock */,
				D3E78A9A24289D4A00440CAF /* Sources */,
				D3E78A9B24289D4A00440CAF /* Frameworks */,
				D3E78A9C24289D4A00440CAF /* Resources */,
				E66B4B22C43BD2D295456BBC /* [CP] Embed Pods Frameworks */,
			);
			buildRules = (
			);
			dependencies = (
				D3E78AA024289D4A00440CAF /* PBXTargetDependency */,
			);
			name = TsundokuBreakTests;
			productName = TsundokuBreakTests;
			productReference = D3E78A9E24289D4A00440CAF /* TsundokuBreakTests.xctest */;
			productType = "com.apple.product-type.bundle.unit-test";
		};
		D3E78AA824289D4A00440CAF /* TsundokuBreakUITests */ = {
			isa = PBXNativeTarget;
			buildConfigurationList = D3E78AB824289D4A00440CAF /* Build configuration list for PBXNativeTarget "TsundokuBreakUITests" */;
			buildPhases = (
				7B1061263442E8BF144A6688 /* [CP] Check Pods Manifest.lock */,
				D3E78AA524289D4A00440CAF /* Sources */,
				D3E78AA624289D4A00440CAF /* Frameworks */,
				D3E78AA724289D4A00440CAF /* Resources */,
				2796711C137ADCCF3FC3B37D /* [CP] Embed Pods Frameworks */,
			);
			buildRules = (
			);
			dependencies = (
				D3E78AAB24289D4A00440CAF /* PBXTargetDependency */,
			);
			name = TsundokuBreakUITests;
			productName = TsundokuBreakUITests;
			productReference = D3E78AA924289D4A00440CAF /* TsundokuBreakUITests.xctest */;
			productType = "com.apple.product-type.bundle.ui-testing";
		};
/* End PBXNativeTarget section */

/* Begin PBXProject section */
		D3E78A8024289D4900440CAF /* Project object */ = {
			isa = PBXProject;
			attributes = {
				LastSwiftUpdateCheck = 1130;
				LastUpgradeCheck = 1130;
				ORGANIZATIONNAME = MizukiKubota;
				TargetAttributes = {
					D3E78A8724289D4900440CAF = {
						CreatedOnToolsVersion = 11.3.1;
					};
					D3E78A9D24289D4A00440CAF = {
						CreatedOnToolsVersion = 11.3.1;
						TestTargetID = D3E78A8724289D4900440CAF;
					};
					D3E78AA824289D4A00440CAF = {
						CreatedOnToolsVersion = 11.3.1;
						TestTargetID = D3E78A8724289D4900440CAF;
					};
				};
			};
			buildConfigurationList = D3E78A8324289D4900440CAF /* Build configuration list for PBXProject "TsundokuBreak" */;
			compatibilityVersion = "Xcode 9.3";
			developmentRegion = en;
			hasScannedForEncodings = 0;
			knownRegions = (
				en,
				Base,
			);
			mainGroup = D3E78A7F24289D4900440CAF;
			productRefGroup = D3E78A8924289D4900440CAF /* Products */;
			projectDirPath = "";
			projectRoot = "";
			targets = (
				D3E78A8724289D4900440CAF /* TsundokuBreak */,
				D3E78A9D24289D4A00440CAF /* TsundokuBreakTests */,
				D3E78AA824289D4A00440CAF /* TsundokuBreakUITests */,
			);
		};
/* End PBXProject section */

/* Begin PBXResourcesBuildPhase section */
		D3E78A8624289D4900440CAF /* Resources */ = {
			isa = PBXResourcesBuildPhase;
			buildActionMask = 2147483647;
			files = (
				D3585369243FC36B004806FF /* TsundokuView.strings in Resources */,
				D32B48E3242F036A006F3AAA /* BarCodeReaderViewController.xib in Resources */,
				D32E6BFA242F8E8F0071EBC3 /* TotalCountViewController.xib in Resources */,
				D32B48DB242C56D3006F3AAA /* Settings.bundle in Resources */,
				D3AC46C4242F595A00C517A5 /* MainStoryboard.storyboard in Resources */,
				D3E78A9824289D4A00440CAF /* LaunchScreen.storyboard in Resources */,
				D394802B243F411D00307A1A /* TsundokuTableViewCell.xib in Resources */,
				D320FE01243334570062B0F3 /* DokuryoViewController.xib in Resources */,
				D3E78A9524289D4A00440CAF /* Assets.xcassets in Resources */,
				D3AA182C243C53450020CCCC /* loading.gif in Resources */,
				D3AA182A243C4B700020CCCC /* lupe.gif in Resources */,
				D320FDFD243333FF0062B0F3 /* TsundokuViewController.xib in Resources */,
			);
			runOnlyForDeploymentPostprocessing = 0;
		};
		D3E78A9C24289D4A00440CAF /* Resources */ = {
			isa = PBXResourcesBuildPhase;
			buildActionMask = 2147483647;
			files = (
			);
			runOnlyForDeploymentPostprocessing = 0;
		};
		D3E78AA724289D4A00440CAF /* Resources */ = {
			isa = PBXResourcesBuildPhase;
			buildActionMask = 2147483647;
			files = (
			);
			runOnlyForDeploymentPostprocessing = 0;
		};
/* End PBXResourcesBuildPhase section */

/* Begin PBXShellScriptBuildPhase section */
		2796711C137ADCCF3FC3B37D /* [CP] Embed Pods Frameworks */ = {
			isa = PBXShellScriptBuildPhase;
			buildActionMask = 2147483647;
			files = (
			);
			inputFileListPaths = (
				"${PODS_ROOT}/Target Support Files/Pods-TsundokuBreak-TsundokuBreakUITests/Pods-TsundokuBreak-TsundokuBreakUITests-frameworks-${CONFIGURATION}-input-files.xcfilelist",
			);
			name = "[CP] Embed Pods Frameworks";
			outputFileListPaths = (
				"${PODS_ROOT}/Target Support Files/Pods-TsundokuBreak-TsundokuBreakUITests/Pods-TsundokuBreak-TsundokuBreakUITests-frameworks-${CONFIGURATION}-output-files.xcfilelist",
			);
			runOnlyForDeploymentPostprocessing = 0;
			shellPath = /bin/sh;
			shellScript = "\"${PODS_ROOT}/Target Support Files/Pods-TsundokuBreak-TsundokuBreakUITests/Pods-TsundokuBreak-TsundokuBreakUITests-frameworks.sh\"\n";
			showEnvVarsInLog = 0;
		};
		7B1061263442E8BF144A6688 /* [CP] Check Pods Manifest.lock */ = {
			isa = PBXShellScriptBuildPhase;
			buildActionMask = 2147483647;
			files = (
			);
			inputFileListPaths = (
			);
			inputPaths = (
				"${PODS_PODFILE_DIR_PATH}/Podfile.lock",
				"${PODS_ROOT}/Manifest.lock",
			);
			name = "[CP] Check Pods Manifest.lock";
			outputFileListPaths = (
			);
			outputPaths = (
				"$(DERIVED_FILE_DIR)/Pods-TsundokuBreak-TsundokuBreakUITests-checkManifestLockResult.txt",
			);
			runOnlyForDeploymentPostprocessing = 0;
			shellPath = /bin/sh;
			shellScript = "diff \"${PODS_PODFILE_DIR_PATH}/Podfile.lock\" \"${PODS_ROOT}/Manifest.lock\" > /dev/null\nif [ $? != 0 ] ; then\n    # print error to STDERR\n    echo \"error: The sandbox is not in sync with the Podfile.lock. Run 'pod install' or update your CocoaPods installation.\" >&2\n    exit 1\nfi\n# This output is used by Xcode 'outputs' to avoid re-running this script phase.\necho \"SUCCESS\" > \"${SCRIPT_OUTPUT_FILE_0}\"\n";
			showEnvVarsInLog = 0;
		};
		7B72F5103AD761C1C41C837F /* [CP] Check Pods Manifest.lock */ = {
			isa = PBXShellScriptBuildPhase;
			buildActionMask = 2147483647;
			files = (
			);
			inputFileListPaths = (
			);
			inputPaths = (
				"${PODS_PODFILE_DIR_PATH}/Podfile.lock",
				"${PODS_ROOT}/Manifest.lock",
			);
			name = "[CP] Check Pods Manifest.lock";
			outputFileListPaths = (
			);
			outputPaths = (
				"$(DERIVED_FILE_DIR)/Pods-TsundokuBreakTests-checkManifestLockResult.txt",
			);
			runOnlyForDeploymentPostprocessing = 0;
			shellPath = /bin/sh;
			shellScript = "diff \"${PODS_PODFILE_DIR_PATH}/Podfile.lock\" \"${PODS_ROOT}/Manifest.lock\" > /dev/null\nif [ $? != 0 ] ; then\n    # print error to STDERR\n    echo \"error: The sandbox is not in sync with the Podfile.lock. Run 'pod install' or update your CocoaPods installation.\" >&2\n    exit 1\nfi\n# This output is used by Xcode 'outputs' to avoid re-running this script phase.\necho \"SUCCESS\" > \"${SCRIPT_OUTPUT_FILE_0}\"\n";
			showEnvVarsInLog = 0;
		};
		98B0C362B140A45E54110C10 /* [CP] Check Pods Manifest.lock */ = {
			isa = PBXShellScriptBuildPhase;
			buildActionMask = 2147483647;
			files = (
			);
			inputFileListPaths = (
			);
			inputPaths = (
				"${PODS_PODFILE_DIR_PATH}/Podfile.lock",
				"${PODS_ROOT}/Manifest.lock",
			);
			name = "[CP] Check Pods Manifest.lock";
			outputFileListPaths = (
			);
			outputPaths = (
				"$(DERIVED_FILE_DIR)/Pods-TsundokuBreak-checkManifestLockResult.txt",
			);
			runOnlyForDeploymentPostprocessing = 0;
			shellPath = /bin/sh;
			shellScript = "diff \"${PODS_PODFILE_DIR_PATH}/Podfile.lock\" \"${PODS_ROOT}/Manifest.lock\" > /dev/null\nif [ $? != 0 ] ; then\n    # print error to STDERR\n    echo \"error: The sandbox is not in sync with the Podfile.lock. Run 'pod install' or update your CocoaPods installation.\" >&2\n    exit 1\nfi\n# This output is used by Xcode 'outputs' to avoid re-running this script phase.\necho \"SUCCESS\" > \"${SCRIPT_OUTPUT_FILE_0}\"\n";
			showEnvVarsInLog = 0;
		};
		A499D495023B7C9100279BF9 /* [CP] Embed Pods Frameworks */ = {
			isa = PBXShellScriptBuildPhase;
			buildActionMask = 2147483647;
			files = (
			);
			inputFileListPaths = (
				"${PODS_ROOT}/Target Support Files/Pods-TsundokuBreak/Pods-TsundokuBreak-frameworks-${CONFIGURATION}-input-files.xcfilelist",
			);
			name = "[CP] Embed Pods Frameworks";
			outputFileListPaths = (
				"${PODS_ROOT}/Target Support Files/Pods-TsundokuBreak/Pods-TsundokuBreak-frameworks-${CONFIGURATION}-output-files.xcfilelist",
			);
			runOnlyForDeploymentPostprocessing = 0;
			shellPath = /bin/sh;
			shellScript = "\"${PODS_ROOT}/Target Support Files/Pods-TsundokuBreak/Pods-TsundokuBreak-frameworks.sh\"\n";
			showEnvVarsInLog = 0;
		};
		D32B48D9242C560D006F3AAA /* Run Script(LicensePlist) */ = {
			isa = PBXShellScriptBuildPhase;
			buildActionMask = 2147483647;
			files = (
			);
			inputFileListPaths = (
			);
			inputPaths = (
			);
			name = "Run Script(LicensePlist)";
			outputFileListPaths = (
			);
			outputPaths = (
			);
			runOnlyForDeploymentPostprocessing = 0;
			shellPath = /bin/sh;
			shellScript = "if [ $CONFIGURATION = \"Debug\" ]; then\n${PODS_ROOT}/LicensePlist/license-plist --output-path $PRODUCT_NAME/Settings.bundle\nfi\n";
		};
		D35AFAAA2428AEA40018EE9E /* Run Script(SwiftLint) */ = {
			isa = PBXShellScriptBuildPhase;
			buildActionMask = 2147483647;
			files = (
			);
			inputFileListPaths = (
			);
			inputPaths = (
			);
			name = "Run Script(SwiftLint)";
			outputFileListPaths = (
			);
			outputPaths = (
			);
			runOnlyForDeploymentPostprocessing = 0;
			shellPath = /bin/sh;
			shellScript = "if which \"${PODS_ROOT}/SwiftLint/swiftlint\" >/dev/null; then\n    ${PODS_ROOT}/SwiftLint/swiftlint  autocorrect --format\n    ${PODS_ROOT}/SwiftLint/swiftlint\nelse\n    echo \"warning: SwiftLint not installed, download from https://github.com/realm/SwiftLint\"\nfi\n";
		};
		D35AFAAB2428AECA0018EE9E /* Run Script(R.swift) */ = {
			isa = PBXShellScriptBuildPhase;
			buildActionMask = 2147483647;
			files = (
			);
			inputFileListPaths = (
			);
			inputPaths = (
				"$TEMP_DIR/rswift-lastrun",
			);
			name = "Run Script(R.swift)";
			outputFileListPaths = (
			);
			outputPaths = (
				$SRCROOT/R.generated.swift,
			);
			runOnlyForDeploymentPostprocessing = 0;
			shellPath = /bin/sh;
			shellScript = "\"$PODS_ROOT/R.swift/rswift\" generate \"$SRCROOT/R.generated.swift\"\n";
		};
		E66B4B22C43BD2D295456BBC /* [CP] Embed Pods Frameworks */ = {
			isa = PBXShellScriptBuildPhase;
			buildActionMask = 2147483647;
			files = (
			);
			inputFileListPaths = (
				"${PODS_ROOT}/Target Support Files/Pods-TsundokuBreakTests/Pods-TsundokuBreakTests-frameworks-${CONFIGURATION}-input-files.xcfilelist",
			);
			name = "[CP] Embed Pods Frameworks";
			outputFileListPaths = (
				"${PODS_ROOT}/Target Support Files/Pods-TsundokuBreakTests/Pods-TsundokuBreakTests-frameworks-${CONFIGURATION}-output-files.xcfilelist",
			);
			runOnlyForDeploymentPostprocessing = 0;
			shellPath = /bin/sh;
			shellScript = "\"${PODS_ROOT}/Target Support Files/Pods-TsundokuBreakTests/Pods-TsundokuBreakTests-frameworks.sh\"\n";
			showEnvVarsInLog = 0;
		};
/* End PBXShellScriptBuildPhase section */

/* Begin PBXSourcesBuildPhase section */
		D3E78A8424289D4900440CAF /* Sources */ = {
			isa = PBXSourcesBuildPhase;
			buildActionMask = 2147483647;
			files = (
				D32B48EC242F3745006F3AAA /* TabSwitcherItemsProvider.swift in Sources */,
				D32B48ED242F3745006F3AAA /* ControllersProvider.swift in Sources */,
				D320FE00243334570062B0F3 /* DokuryoViewController.swift in Sources */,
				D320FDF1243313660062B0F3 /* DokuryoModel.swift in Sources */,
				D32B48EF242F376A006F3AAA /* TabItem.swift in Sources */,
				D32E6BF1242F8B890071EBC3 /* Injectable.swift in Sources */,
				D33166A62440D1CA00C2048E /* BalloonView.swift in Sources */,
				D33166A42440D1B100C2048E /* BalloonPickerView.swift in Sources */,
				D320FDEF2433107D0062B0F3 /* TsundokuModel.swift in Sources */,
				D32B48E2242F036A006F3AAA /* BarCodeReaderViewController.swift in Sources */,
				D320FDF9243315900062B0F3 /* BarCodeReaderViewModel.swift in Sources */,
				D32E6BFC242F8FD90071EBC3 /* TotalCountModel.swift in Sources */,
				D358536B244047E9004806FF /* CellData.swift in Sources */,
				D35AFABE2429C62E0018EE9E /* GoogleBooksAPIs.swift in Sources */,
				D33166A82440D1DD00C2048E /* TrackLayer.swift in Sources */,
				D3AC46C1242F584500C517A5 /* TabViewController.swift in Sources */,
				D3E78A8C24289D4900440CAF /* AppDelegate.swift in Sources */,
				D3808113243E312000D6A592 /* RealmModel.swift in Sources */,
				D394802A243F411D00307A1A /* TsundokuTableViewCell.swift in Sources */,
				D33166AA2440D1EC00C2048E /* ThumbView.swift in Sources */,
				D32E6BF9242F8E8F0071EBC3 /* TotalCountViewController.swift in Sources */,
				D35AFABC2429C4830018EE9E /* BookInfo.swift in Sources */,
				D3E78A8E24289D4900440CAF /* SceneDelegate.swift in Sources */,
				D320FDF32433139C0062B0F3 /* BarCodeReader.swift in Sources */,
				D320FDFC243333FF0062B0F3 /* TsundokuViewController.swift in Sources */,
				D320FDF52433156C0062B0F3 /* TsundokuViewModel.swift in Sources */,
				D32E6BFE242F90750071EBC3 /* TotalCountViewModel.swift in Sources */,
				D320FDF72433157D0062B0F3 /* DokuryoViewModel.swift in Sources */,
				D35AFAAD2428AF290018EE9E /* R.generated.swift in Sources */,
				D320FE032435A7720062B0F3 /* BarCodeReadableArea.swift in Sources */,
			);
			runOnlyForDeploymentPostprocessing = 0;
		};
		D3E78A9A24289D4A00440CAF /* Sources */ = {
			isa = PBXSourcesBuildPhase;
			buildActionMask = 2147483647;
			files = (
				D3E78AA324289D4A00440CAF /* TsundokuBreakTests.swift in Sources */,
			);
			runOnlyForDeploymentPostprocessing = 0;
		};
		D3E78AA524289D4A00440CAF /* Sources */ = {
			isa = PBXSourcesBuildPhase;
			buildActionMask = 2147483647;
			files = (
				D3E78AAE24289D4A00440CAF /* TsundokuBreakUITests.swift in Sources */,
			);
			runOnlyForDeploymentPostprocessing = 0;
		};
/* End PBXSourcesBuildPhase section */

/* Begin PBXTargetDependency section */
		D3E78AA024289D4A00440CAF /* PBXTargetDependency */ = {
			isa = PBXTargetDependency;
			target = D3E78A8724289D4900440CAF /* TsundokuBreak */;
			targetProxy = D3E78A9F24289D4A00440CAF /* PBXContainerItemProxy */;
		};
		D3E78AAB24289D4A00440CAF /* PBXTargetDependency */ = {
			isa = PBXTargetDependency;
			target = D3E78A8724289D4900440CAF /* TsundokuBreak */;
			targetProxy = D3E78AAA24289D4A00440CAF /* PBXContainerItemProxy */;
		};
/* End PBXTargetDependency section */

/* Begin PBXVariantGroup section */
		D3E78A9624289D4A00440CAF /* LaunchScreen.storyboard */ = {
			isa = PBXVariantGroup;
			children = (
				D3E78A9724289D4A00440CAF /* Base */,
			);
			name = LaunchScreen.storyboard;
			sourceTree = "<group>";
		};
/* End PBXVariantGroup section */

/* Begin XCBuildConfiguration section */
		D3E78AB024289D4A00440CAF /* Debug */ = {
			isa = XCBuildConfiguration;
			buildSettings = {
				ALWAYS_SEARCH_USER_PATHS = NO;
				CLANG_ANALYZER_NONNULL = YES;
				CLANG_ANALYZER_NUMBER_OBJECT_CONVERSION = YES_AGGRESSIVE;
				CLANG_CXX_LANGUAGE_STANDARD = "gnu++14";
				CLANG_CXX_LIBRARY = "libc++";
				CLANG_ENABLE_MODULES = YES;
				CLANG_ENABLE_OBJC_ARC = YES;
				CLANG_ENABLE_OBJC_WEAK = YES;
				CLANG_WARN_BLOCK_CAPTURE_AUTORELEASING = YES;
				CLANG_WARN_BOOL_CONVERSION = YES;
				CLANG_WARN_COMMA = YES;
				CLANG_WARN_CONSTANT_CONVERSION = YES;
				CLANG_WARN_DEPRECATED_OBJC_IMPLEMENTATIONS = YES;
				CLANG_WARN_DIRECT_OBJC_ISA_USAGE = YES_ERROR;
				CLANG_WARN_DOCUMENTATION_COMMENTS = YES;
				CLANG_WARN_EMPTY_BODY = YES;
				CLANG_WARN_ENUM_CONVERSION = YES;
				CLANG_WARN_INFINITE_RECURSION = YES;
				CLANG_WARN_INT_CONVERSION = YES;
				CLANG_WARN_NON_LITERAL_NULL_CONVERSION = YES;
				CLANG_WARN_OBJC_IMPLICIT_RETAIN_SELF = YES;
				CLANG_WARN_OBJC_LITERAL_CONVERSION = YES;
				CLANG_WARN_OBJC_ROOT_CLASS = YES_ERROR;
				CLANG_WARN_RANGE_LOOP_ANALYSIS = YES;
				CLANG_WARN_STRICT_PROTOTYPES = YES;
				CLANG_WARN_SUSPICIOUS_MOVE = YES;
				CLANG_WARN_UNGUARDED_AVAILABILITY = YES_AGGRESSIVE;
				CLANG_WARN_UNREACHABLE_CODE = YES;
				CLANG_WARN__DUPLICATE_METHOD_MATCH = YES;
				COPY_PHASE_STRIP = NO;
				DEBUG_INFORMATION_FORMAT = dwarf;
				ENABLE_STRICT_OBJC_MSGSEND = YES;
				ENABLE_TESTABILITY = YES;
				GCC_C_LANGUAGE_STANDARD = gnu11;
				GCC_DYNAMIC_NO_PIC = NO;
				GCC_NO_COMMON_BLOCKS = YES;
				GCC_OPTIMIZATION_LEVEL = 0;
				GCC_PREPROCESSOR_DEFINITIONS = (
					"DEBUG=1",
					"$(inherited)",
				);
				GCC_WARN_64_TO_32_BIT_CONVERSION = YES;
				GCC_WARN_ABOUT_RETURN_TYPE = YES_ERROR;
				GCC_WARN_UNDECLARED_SELECTOR = YES;
				GCC_WARN_UNINITIALIZED_AUTOS = YES_AGGRESSIVE;
				GCC_WARN_UNUSED_FUNCTION = YES;
				GCC_WARN_UNUSED_VARIABLE = YES;
				IPHONEOS_DEPLOYMENT_TARGET = 13.2;
				MTL_ENABLE_DEBUG_INFO = INCLUDE_SOURCE;
				MTL_FAST_MATH = YES;
				ONLY_ACTIVE_ARCH = YES;
				SDKROOT = iphoneos;
				SWIFT_ACTIVE_COMPILATION_CONDITIONS = DEBUG;
				SWIFT_OPTIMIZATION_LEVEL = "-Onone";
			};
			name = Debug;
		};
		D3E78AB124289D4A00440CAF /* Release */ = {
			isa = XCBuildConfiguration;
			buildSettings = {
				ALWAYS_SEARCH_USER_PATHS = NO;
				CLANG_ANALYZER_NONNULL = YES;
				CLANG_ANALYZER_NUMBER_OBJECT_CONVERSION = YES_AGGRESSIVE;
				CLANG_CXX_LANGUAGE_STANDARD = "gnu++14";
				CLANG_CXX_LIBRARY = "libc++";
				CLANG_ENABLE_MODULES = YES;
				CLANG_ENABLE_OBJC_ARC = YES;
				CLANG_ENABLE_OBJC_WEAK = YES;
				CLANG_WARN_BLOCK_CAPTURE_AUTORELEASING = YES;
				CLANG_WARN_BOOL_CONVERSION = YES;
				CLANG_WARN_COMMA = YES;
				CLANG_WARN_CONSTANT_CONVERSION = YES;
				CLANG_WARN_DEPRECATED_OBJC_IMPLEMENTATIONS = YES;
				CLANG_WARN_DIRECT_OBJC_ISA_USAGE = YES_ERROR;
				CLANG_WARN_DOCUMENTATION_COMMENTS = YES;
				CLANG_WARN_EMPTY_BODY = YES;
				CLANG_WARN_ENUM_CONVERSION = YES;
				CLANG_WARN_INFINITE_RECURSION = YES;
				CLANG_WARN_INT_CONVERSION = YES;
				CLANG_WARN_NON_LITERAL_NULL_CONVERSION = YES;
				CLANG_WARN_OBJC_IMPLICIT_RETAIN_SELF = YES;
				CLANG_WARN_OBJC_LITERAL_CONVERSION = YES;
				CLANG_WARN_OBJC_ROOT_CLASS = YES_ERROR;
				CLANG_WARN_RANGE_LOOP_ANALYSIS = YES;
				CLANG_WARN_STRICT_PROTOTYPES = YES;
				CLANG_WARN_SUSPICIOUS_MOVE = YES;
				CLANG_WARN_UNGUARDED_AVAILABILITY = YES_AGGRESSIVE;
				CLANG_WARN_UNREACHABLE_CODE = YES;
				CLANG_WARN__DUPLICATE_METHOD_MATCH = YES;
				COPY_PHASE_STRIP = NO;
				DEBUG_INFORMATION_FORMAT = "dwarf-with-dsym";
				ENABLE_NS_ASSERTIONS = NO;
				ENABLE_STRICT_OBJC_MSGSEND = YES;
				GCC_C_LANGUAGE_STANDARD = gnu11;
				GCC_NO_COMMON_BLOCKS = YES;
				GCC_WARN_64_TO_32_BIT_CONVERSION = YES;
				GCC_WARN_ABOUT_RETURN_TYPE = YES_ERROR;
				GCC_WARN_UNDECLARED_SELECTOR = YES;
				GCC_WARN_UNINITIALIZED_AUTOS = YES_AGGRESSIVE;
				GCC_WARN_UNUSED_FUNCTION = YES;
				GCC_WARN_UNUSED_VARIABLE = YES;
				IPHONEOS_DEPLOYMENT_TARGET = 13.2;
				MTL_ENABLE_DEBUG_INFO = NO;
				MTL_FAST_MATH = YES;
				SDKROOT = iphoneos;
				SWIFT_COMPILATION_MODE = wholemodule;
				SWIFT_OPTIMIZATION_LEVEL = "-O";
				VALIDATE_PRODUCT = YES;
			};
			name = Release;
		};
		D3E78AB324289D4A00440CAF /* Debug */ = {
			isa = XCBuildConfiguration;
			baseConfigurationReference = F02A25F61438B364D1F0B313 /* Pods-TsundokuBreak.debug.xcconfig */;
			buildSettings = {
				ASSETCATALOG_COMPILER_APPICON_NAME = AppIcon;
				CODE_SIGN_STYLE = Automatic;
				DEVELOPMENT_TEAM = 9VQK249U2S;
				INFOPLIST_FILE = TsundokuBreak/Info.plist;
				LD_RUNPATH_SEARCH_PATHS = (
					"$(inherited)",
					"@executable_path/Frameworks",
				);
				PRODUCT_BUNDLE_IDENTIFIER = com.mizuki.kubota.TsundokuBreak;
				PRODUCT_NAME = "$(TARGET_NAME)";
				SWIFT_VERSION = 5.0;
				TARGETED_DEVICE_FAMILY = 1;
			};
			name = Debug;
		};
		D3E78AB424289D4A00440CAF /* Release */ = {
			isa = XCBuildConfiguration;
			baseConfigurationReference = D7A4C95D2E803F290430925F /* Pods-TsundokuBreak.release.xcconfig */;
			buildSettings = {
				ASSETCATALOG_COMPILER_APPICON_NAME = AppIcon;
				CODE_SIGN_STYLE = Automatic;
				DEVELOPMENT_TEAM = 9VQK249U2S;
				INFOPLIST_FILE = TsundokuBreak/Info.plist;
				LD_RUNPATH_SEARCH_PATHS = (
					"$(inherited)",
					"@executable_path/Frameworks",
				);
				PRODUCT_BUNDLE_IDENTIFIER = com.mizuki.kubota.TsundokuBreak;
				PRODUCT_NAME = "$(TARGET_NAME)";
				SWIFT_VERSION = 5.0;
				TARGETED_DEVICE_FAMILY = 1;
			};
			name = Release;
		};
		D3E78AB624289D4A00440CAF /* Debug */ = {
			isa = XCBuildConfiguration;
			baseConfigurationReference = A7CC1E48F6BC90E4414EFD94 /* Pods-TsundokuBreakTests.debug.xcconfig */;
			buildSettings = {
				ALWAYS_EMBED_SWIFT_STANDARD_LIBRARIES = "$(inherited)";
				BUNDLE_LOADER = "$(TEST_HOST)";
				CODE_SIGN_STYLE = Automatic;
				DEVELOPMENT_TEAM = 9VQK249U2S;
				INFOPLIST_FILE = TsundokuBreakTests/Info.plist;
				IPHONEOS_DEPLOYMENT_TARGET = 13.2;
				LD_RUNPATH_SEARCH_PATHS = (
					"$(inherited)",
					"@executable_path/Frameworks",
					"@loader_path/Frameworks",
				);
				PRODUCT_BUNDLE_IDENTIFIER = com.mizuki.kubota.TsundokuBreakTests;
				PRODUCT_NAME = "$(TARGET_NAME)";
				SWIFT_VERSION = 5.0;
				TARGETED_DEVICE_FAMILY = "1,2";
				TEST_HOST = "$(BUILT_PRODUCTS_DIR)/TsundokuBreak.app/TsundokuBreak";
			};
			name = Debug;
		};
		D3E78AB724289D4A00440CAF /* Release */ = {
			isa = XCBuildConfiguration;
			baseConfigurationReference = 168AD90A284DE8731D068C7B /* Pods-TsundokuBreakTests.release.xcconfig */;
			buildSettings = {
				ALWAYS_EMBED_SWIFT_STANDARD_LIBRARIES = "$(inherited)";
				BUNDLE_LOADER = "$(TEST_HOST)";
				CODE_SIGN_STYLE = Automatic;
				DEVELOPMENT_TEAM = 9VQK249U2S;
				INFOPLIST_FILE = TsundokuBreakTests/Info.plist;
				IPHONEOS_DEPLOYMENT_TARGET = 13.2;
				LD_RUNPATH_SEARCH_PATHS = (
					"$(inherited)",
					"@executable_path/Frameworks",
					"@loader_path/Frameworks",
				);
				PRODUCT_BUNDLE_IDENTIFIER = com.mizuki.kubota.TsundokuBreakTests;
				PRODUCT_NAME = "$(TARGET_NAME)";
				SWIFT_VERSION = 5.0;
				TARGETED_DEVICE_FAMILY = "1,2";
				TEST_HOST = "$(BUILT_PRODUCTS_DIR)/TsundokuBreak.app/TsundokuBreak";
			};
			name = Release;
		};
		D3E78AB924289D4A00440CAF /* Debug */ = {
			isa = XCBuildConfiguration;
			baseConfigurationReference = CE78ACBFAC2A057650901A42 /* Pods-TsundokuBreak-TsundokuBreakUITests.debug.xcconfig */;
			buildSettings = {
				ALWAYS_EMBED_SWIFT_STANDARD_LIBRARIES = "$(inherited)";
				CODE_SIGN_STYLE = Automatic;
				DEVELOPMENT_TEAM = 9VQK249U2S;
				INFOPLIST_FILE = TsundokuBreakUITests/Info.plist;
				LD_RUNPATH_SEARCH_PATHS = (
					"$(inherited)",
					"@executable_path/Frameworks",
					"@loader_path/Frameworks",
				);
				PRODUCT_BUNDLE_IDENTIFIER = com.mizuki.kubota.TsundokuBreakUITests;
				PRODUCT_NAME = "$(TARGET_NAME)";
				SWIFT_VERSION = 5.0;
				TARGETED_DEVICE_FAMILY = "1,2";
				TEST_TARGET_NAME = TsundokuBreak;
			};
			name = Debug;
		};
		D3E78ABA24289D4A00440CAF /* Release */ = {
			isa = XCBuildConfiguration;
			baseConfigurationReference = 8D5DB48AACE17C3F469075CD /* Pods-TsundokuBreak-TsundokuBreakUITests.release.xcconfig */;
			buildSettings = {
				ALWAYS_EMBED_SWIFT_STANDARD_LIBRARIES = "$(inherited)";
				CODE_SIGN_STYLE = Automatic;
				DEVELOPMENT_TEAM = 9VQK249U2S;
				INFOPLIST_FILE = TsundokuBreakUITests/Info.plist;
				LD_RUNPATH_SEARCH_PATHS = (
					"$(inherited)",
					"@executable_path/Frameworks",
					"@loader_path/Frameworks",
				);
				PRODUCT_BUNDLE_IDENTIFIER = com.mizuki.kubota.TsundokuBreakUITests;
				PRODUCT_NAME = "$(TARGET_NAME)";
				SWIFT_VERSION = 5.0;
				TARGETED_DEVICE_FAMILY = "1,2";
				TEST_TARGET_NAME = TsundokuBreak;
			};
			name = Release;
		};
/* End XCBuildConfiguration section */

/* Begin XCConfigurationList section */
		D3E78A8324289D4900440CAF /* Build configuration list for PBXProject "TsundokuBreak" */ = {
			isa = XCConfigurationList;
			buildConfigurations = (
				D3E78AB024289D4A00440CAF /* Debug */,
				D3E78AB124289D4A00440CAF /* Release */,
			);
			defaultConfigurationIsVisible = 0;
			defaultConfigurationName = Release;
		};
		D3E78AB224289D4A00440CAF /* Build configuration list for PBXNativeTarget "TsundokuBreak" */ = {
			isa = XCConfigurationList;
			buildConfigurations = (
				D3E78AB324289D4A00440CAF /* Debug */,
				D3E78AB424289D4A00440CAF /* Release */,
			);
			defaultConfigurationIsVisible = 0;
			defaultConfigurationName = Release;
		};
		D3E78AB524289D4A00440CAF /* Build configuration list for PBXNativeTarget "TsundokuBreakTests" */ = {
			isa = XCConfigurationList;
			buildConfigurations = (
				D3E78AB624289D4A00440CAF /* Debug */,
				D3E78AB724289D4A00440CAF /* Release */,
			);
			defaultConfigurationIsVisible = 0;
			defaultConfigurationName = Release;
		};
		D3E78AB824289D4A00440CAF /* Build configuration list for PBXNativeTarget "TsundokuBreakUITests" */ = {
			isa = XCConfigurationList;
			buildConfigurations = (
				D3E78AB924289D4A00440CAF /* Debug */,
				D3E78ABA24289D4A00440CAF /* Release */,
			);
			defaultConfigurationIsVisible = 0;
			defaultConfigurationName = Release;
		};
/* End XCConfigurationList section */
	};
	rootObject = D3E78A8024289D4900440CAF /* Project object */;
}
