PODS:
  - Alamofire (5.0.5)
  - Cards (1.4.0):
    - Player (= 0.13.0)
  - ColorMatchTabs (3.3)
  - LicensePlist (2.14.0)
  - Moya (14.0.0):
    - Moya/Core (= 14.0.0)
  - Moya/Core (14.0.0):
    - Alamofire (~> 5.0)
  - Player (0.13.0)
  - R.swift (5.1.0):
    - R.swift.Library (~> 5.1.0)
  - R.swift.Library (5.1.0)
  - RxBlocking (5.1.1):
    - RxSwift (~> 5)
  - RxCocoa (5.1.1):
    - RxRelay (~> 5)
    - RxSwift (~> 5)
  - RxRelay (5.1.1):
    - RxSwift (~> 5)
  - RxSwift (5.1.1)
  - RxTest (5.1.1):
    - RxSwift (~> 5)
  - SwiftLint (0.39.1)

DEPENDENCIES:
  - Cards
  - ColorMatchTabs
  - LicensePlist
  - Moya
  - R.swift
  - RxBlocking
  - RxCocoa
  - RxSwift
  - RxTest
  - SwiftLint

SPEC REPOS:
  trunk:
    - Alamofire
    - Cards
    - ColorMatchTabs
    - LicensePlist
    - Moya
    - Player
    - R.swift
    - R.swift.Library
    - RxBlocking
    - RxCocoa
    - RxRelay
    - RxSwift
    - RxTest
    - SwiftLint

SPEC CHECKSUMS:
  Alamofire: df2f8f826963b08b9a870791ad48e07a10090b2e
  Cards: 45ae6bd0eca7b5e8016d3b6cb30b60b04753f68f
  ColorMatchTabs: 8d63cd25099bdb8929438f468bb52aafd288d7a0
  LicensePlist: d52efb2ce5d3cf58833d362f82967ba4af25fe9a
  Moya: 5b45dacb75adb009f97fde91c204c1e565d31916
  Player: 968d8d07d923bcdd6f7e4091c9e306eb44a5f7a4
  R.swift: 8cbc4fc69b740305b6a17c8a8ed968eb788962d9
  R.swift.Library: fa85ce1e0d0b7e818cd9e080df910ba54d2776cc
  RxBlocking: 5f700a78cad61ce253ebd37c9a39b5ccc76477b4
  RxCocoa: 32065309a38d29b5b0db858819b5bf9ef038b601
  RxRelay: d77f7d771495f43c556cbc43eebd1bb54d01e8e9
  RxSwift: 81470a2074fa8780320ea5fe4102807cb7118178
  RxTest: 711632d5644dffbeb62c936a521b5b008a1e1faa
  SwiftLint: 55e96a4a4d537d4a3156859fc1c54bd24851a046

PODFILE CHECKSUM: d4f68f5dd6ef6f7b7ad48a86996b25542b5009cc

COCOAPODS: 1.9.1
