PODS:
  - Alamofire (5.0.2)
  - ColorMatchTabs (3.3)
  - LicensePlist (2.14.0)
  - Moya (14.0.0):
    - Moya/Core (= 14.0.0)
  - Moya/Core (14.0.0):
    - Alamofire (~> 5.0)
  - R.swift (5.1.0):
    - R.swift.Library (~> 5.1.0)
  - R.swift.Library (5.1.0)
  - RxBlocking (5.0.1):
    - RxSwift (~> 5)
  - RxCocoa (5.0.1):
    - RxRelay (~> 5)
    - RxSwift (~> 5)
  - RxRelay (5.0.1):
    - RxSwift (~> 5)
  - RxSwift (5.0.1)
  - RxTest (5.0.1):
    - RxSwift (~> 5)
  - SwiftLint (0.39.1)

DEPENDENCIES:
  - ColorMatchTabs
  - LicensePlist
  - Moya
  - R.swift
  - RxBlocking
  - RxCocoa
  - RxSwift
  - RxTest
  - SwiftLint

SPEC REPOS:
  trunk:
    - Alamofire
    - ColorMatchTabs
    - LicensePlist
    - Moya
    - R.swift
    - R.swift.Library
    - RxBlocking
    - RxCocoa
    - RxRelay
    - RxSwift
    - RxTest
    - SwiftLint

SPEC CHECKSUMS:
  Alamofire: 3ba7a4db18b4f62c4a1c0e1cb39d7f3d52e10ada
  ColorMatchTabs: 8d63cd25099bdb8929438f468bb52aafd288d7a0
  LicensePlist: d52efb2ce5d3cf58833d362f82967ba4af25fe9a
  Moya: 5b45dacb75adb009f97fde91c204c1e565d31916
  R.swift: 8cbc4fc69b740305b6a17c8a8ed968eb788962d9
  R.swift.Library: fa85ce1e0d0b7e818cd9e080df910ba54d2776cc
  RxBlocking: c5e090f42d046df8b0e7752742510f349963710f
  RxCocoa: e741b9749968e8a143e2b787f1dfbff2b63d0a5c
  RxRelay: 89d54507f4fd4d969e6ec1d4bd7f3673640b4640
  RxSwift: e2dc62b366a3adf6a0be44ba9f405efd4c94e0c4
  RxTest: 0132f952a61da82d5233abedaa559df91e5330e5
  SwiftLint: 55e96a4a4d537d4a3156859fc1c54bd24851a046

PODFILE CHECKSUM: dab41899e0edb0c892330ededa863867be161907

COCOAPODS: 1.8.3
